// !$*UTF8*$!
{
	archiveVersion = 1;
	classes = {
	};
	objectVersion = 46;
	objects = {

/* Begin PBXBuildFile section */
		71E4D8A31E4AF44D00091206 /* main.m in Sources */ = {isa = PBXBuildFile; fileRef = 71E4D8A21E4AF44D00091206 /* main.m */; };
		71E4D8A61E4AF44D00091206 /* AppDelegate.m in Sources */ = {isa = PBXBuildFile; fileRef = 71E4D8A51E4AF44D00091206 /* AppDelegate.m */; };
		71E4D8A91E4AF44D00091206 /* ViewController.m in Sources */ = {isa = PBXBuildFile; fileRef = 71E4D8A81E4AF44D00091206 /* ViewController.m */; };
		71E4D8AC1E4AF44D00091206 /* Main.storyboard in Resources */ = {isa = PBXBuildFile; fileRef = 71E4D8AA1E4AF44D00091206 /* Main.storyboard */; };
		71E4D8AE1E4AF44D00091206 /* Assets.xcassets in Resources */ = {isa = PBXBuildFile; fileRef = 71E4D8AD1E4AF44D00091206 /* Assets.xcassets */; };
		71E4D8B11E4AF44D00091206 /* LaunchScreen.storyboard in Resources */ = {isa = PBXBuildFile; fileRef = 71E4D8AF1E4AF44D00091206 /* LaunchScreen.storyboard */; };
		71E4D8BB1E4AF4DF00091206 /* CTMediator+TRZXWebView.m in Sources */ = {isa = PBXBuildFile; fileRef = 71E4D8BA1E4AF4DF00091206 /* CTMediator+TRZXWebView.m */; };
		8E740309079A8D95A8E07F32 /* libPods-TRZXWebViewCategory.a in Frameworks */ = {isa = PBXBuildFile; fileRef = 803D40C354E8B3A97C040788 /* libPods-TRZXWebViewCategory.a */; };
/* End PBXBuildFile section */

/* Begin PBXFileReference section */
		186083E4679E2FB2649BE386 /* Pods-TRZXWebViewCategory.debug.xcconfig */ = {isa = PBXFileReference; includeInIndex = 1; lastKnownFileType = text.xcconfig; name = "Pods-TRZXWebViewCategory.debug.xcconfig"; path = "Pods/Target Support Files/Pods-TRZXWebViewCategory/Pods-TRZXWebViewCategory.debug.xcconfig"; sourceTree = "<group>"; };
		71E4D89E1E4AF44D00091206 /* TRZXWebViewCategory.app */ = {isa = PBXFileReference; explicitFileType = wrapper.application; includeInIndex = 0; path = TRZXWebViewCategory.app; sourceTree = BUILT_PRODUCTS_DIR; };
		71E4D8A21E4AF44D00091206 /* main.m */ = {isa = PBXFileReference; lastKnownFileType = sourcecode.c.objc; path = main.m; sourceTree = "<group>"; };
		71E4D8A41E4AF44D00091206 /* AppDelegate.h */ = {isa = PBXFileReference; lastKnownFileType = sourcecode.c.h; path = AppDelegate.h; sourceTree = "<group>"; };
		71E4D8A51E4AF44D00091206 /* AppDelegate.m */ = {isa = PBXFileReference; lastKnownFileType = sourcecode.c.objc; path = AppDelegate.m; sourceTree = "<group>"; };
		71E4D8A71E4AF44D00091206 /* ViewController.h */ = {isa = PBXFileReference; lastKnownFileType = sourcecode.c.h; path = ViewController.h; sourceTree = "<group>"; };
		71E4D8A81E4AF44D00091206 /* ViewController.m */ = {isa = PBXFileReference; lastKnownFileType = sourcecode.c.objc; path = ViewController.m; sourceTree = "<group>"; };
		71E4D8AB1E4AF44D00091206 /* Base */ = {isa = PBXFileReference; lastKnownFileType = file.storyboard; name = Base; path = Base.lproj/Main.storyboard; sourceTree = "<group>"; };
		71E4D8AD1E4AF44D00091206 /* Assets.xcassets */ = {isa = PBXFileReference; lastKnownFileType = folder.assetcatalog; path = Assets.xcassets; sourceTree = "<group>"; };
		71E4D8B01E4AF44D00091206 /* Base */ = {isa = PBXFileReference; lastKnownFileType = file.storyboard; name = Base; path = Base.lproj/LaunchScreen.storyboard; sourceTree = "<group>"; };
		71E4D8B21E4AF44D00091206 /* Info.plist */ = {isa = PBXFileReference; lastKnownFileType = text.plist.xml; path = Info.plist; sourceTree = "<group>"; };
		71E4D8B91E4AF4DF00091206 /* CTMediator+TRZXWebView.h */ = {isa = PBXFileReference; fileEncoding = 4; lastKnownFileType = sourcecode.c.h; path = "CTMediator+TRZXWebView.h"; sourceTree = "<group>"; };
		71E4D8BA1E4AF4DF00091206 /* CTMediator+TRZXWebView.m */ = {isa = PBXFileReference; fileEncoding = 4; lastKnownFileType = sourcecode.c.objc; path = "CTMediator+TRZXWebView.m"; sourceTree = "<group>"; };
		803D40C354E8B3A97C040788 /* libPods-TRZXWebViewCategory.a */ = {isa = PBXFileReference; explicitFileType = archive.ar; includeInIndex = 0; path = "libPods-TRZXWebViewCategory.a"; sourceTree = BUILT_PRODUCTS_DIR; };
		EE528D8A992DAC40F94EC3DC /* Pods-TRZXWebViewCategory.release.xcconfig */ = {isa = PBXFileReference; includeInIndex = 1; lastKnownFileType = text.xcconfig; name = "Pods-TRZXWebViewCategory.release.xcconfig"; path = "Pods/Target Support Files/Pods-TRZXWebViewCategory/Pods-TRZXWebViewCategory.release.xcconfig"; sourceTree = "<group>"; };
/* End PBXFileReference section */

/* Begin PBXFrameworksBuildPhase section */
		71E4D89B1E4AF44D00091206 /* Frameworks */ = {
			isa = PBXFrameworksBuildPhase;
			buildActionMask = 2147483647;
			files = (
				8E740309079A8D95A8E07F32 /* libPods-TRZXWebViewCategory.a in Frameworks */,
			);
			runOnlyForDeploymentPostprocessing = 0;
		};
/* End PBXFrameworksBuildPhase section */

/* Begin PBXGroup section */
		0EBC12344BDB5C56140E29D6 /* Frameworks */ = {
			isa = PBXGroup;
			children = (
				803D40C354E8B3A97C040788 /* libPods-TRZXWebViewCategory.a */,
			);
			name = Frameworks;
			sourceTree = "<group>";
		};
		293C0F5B28C81B2CF83C9012 /* Pods */ = {
			isa = PBXGroup;
			children = (
				186083E4679E2FB2649BE386 /* Pods-TRZXWebViewCategory.debug.xcconfig */,
				EE528D8A992DAC40F94EC3DC /* Pods-TRZXWebViewCategory.release.xcconfig */,
			);
			name = Pods;
			sourceTree = "<group>";
		};
		71E4D8951E4AF44D00091206 = {
			isa = PBXGroup;
			children = (
				71E4D8A01E4AF44D00091206 /* TRZXWebViewCategory */,
				71E4D89F1E4AF44D00091206 /* Products */,
				293C0F5B28C81B2CF83C9012 /* Pods */,
				0EBC12344BDB5C56140E29D6 /* Frameworks */,
			);
			sourceTree = "<group>";
		};
		71E4D89F1E4AF44D00091206 /* Products */ = {
			isa = PBXGroup;
			children = (
				71E4D89E1E4AF44D00091206 /* TRZXWebViewCategory.app */,
			);
			name = Products;
			sourceTree = "<group>";
		};
		71E4D8A01E4AF44D00091206 /* TRZXWebViewCategory */ = {
			isa = PBXGroup;
			children = (
				71E4D8B81E4AF47900091206 /* TRZXWebViewCategory */,
				71E4D8A41E4AF44D00091206 /* AppDelegate.h */,
				71E4D8A51E4AF44D00091206 /* AppDelegate.m */,
				71E4D8A71E4AF44D00091206 /* ViewController.h */,
				71E4D8A81E4AF44D00091206 /* ViewController.m */,
				71E4D8AA1E4AF44D00091206 /* Main.storyboard */,
				71E4D8AD1E4AF44D00091206 /* Assets.xcassets */,
				71E4D8AF1E4AF44D00091206 /* LaunchScreen.storyboard */,
				71E4D8B21E4AF44D00091206 /* Info.plist */,
				71E4D8A11E4AF44D00091206 /* Supporting Files */,
			);
			path = TRZXWebViewCategory;
			sourceTree = "<group>";
		};
		71E4D8A11E4AF44D00091206 /* Supporting Files */ = {
			isa = PBXGroup;
			children = (
				71E4D8A21E4AF44D00091206 /* main.m */,
			);
			name = "Supporting Files";
			sourceTree = "<group>";
		};
		71E4D8B81E4AF47900091206 /* TRZXWebViewCategory */ = {
			isa = PBXGroup;
			children = (
				71E4D8B91E4AF4DF00091206 /* CTMediator+TRZXWebView.h */,
				71E4D8BA1E4AF4DF00091206 /* CTMediator+TRZXWebView.m */,
			);
			path = TRZXWebViewCategory;
			sourceTree = "<group>";
		};
/* End PBXGroup section */

/* Begin PBXNativeTarget section */
		71E4D89D1E4AF44D00091206 /* TRZXWebViewCategory */ = {
			isa = PBXNativeTarget;
			buildConfigurationList = 71E4D8B51E4AF44D00091206 /* Build configuration list for PBXNativeTarget "TRZXWebViewCategory" */;
			buildPhases = (
				A60CB628DEA6E36FDBC71907 /* [CP] Check Pods Manifest.lock */,
				71E4D89A1E4AF44D00091206 /* Sources */,
				71E4D89B1E4AF44D00091206 /* Frameworks */,
				71E4D89C1E4AF44D00091206 /* Resources */,
				C8C75E7EF8BA8BB1F008D551 /* [CP] Embed Pods Frameworks */,
				BE3CEFB2B332BF0CEE1B5620 /* [CP] Copy Pods Resources */,
			);
			buildRules = (
			);
			dependencies = (
			);
			name = TRZXWebViewCategory;
			productName = TRZXWebViewCategory;
			productReference = 71E4D89E1E4AF44D00091206 /* TRZXWebViewCategory.app */;
			productType = "com.apple.product-type.application";
		};
/* End PBXNativeTarget section */

/* Begin PBXProject section */
		71E4D8961E4AF44D00091206 /* Project object */ = {
			isa = PBXProject;
			attributes = {
				LastUpgradeCheck = 0820;
				ORGANIZATIONNAME = TRZX;
				TargetAttributes = {
					71E4D89D1E4AF44D00091206 = {
						CreatedOnToolsVersion = 8.2.1;
						DevelopmentTeam = 487PQPPTGA;
						ProvisioningStyle = Automatic;
					};
				};
			};
			buildConfigurationList = 71E4D8991E4AF44D00091206 /* Build configuration list for PBXProject "TRZXWebViewCategory" */;
			compatibilityVersion = "Xcode 3.2";
			developmentRegion = English;
			hasScannedForEncodings = 0;
			knownRegions = (
				en,
				Base,
			);
			mainGroup = 71E4D8951E4AF44D00091206;
			productRefGroup = 71E4D89F1E4AF44D00091206 /* Products */;
			projectDirPath = "";
			projectRoot = "";
			targets = (
				71E4D89D1E4AF44D00091206 /* TRZXWebViewCategory */,
			);
		};
/* End PBXProject section */

/* Begin PBXResourcesBuildPhase section */
		71E4D89C1E4AF44D00091206 /* Resources */ = {
			isa = PBXResourcesBuildPhase;
			buildActionMask = 2147483647;
			files = (
				71E4D8B11E4AF44D00091206 /* LaunchScreen.storyboard in Resources */,
				71E4D8AE1E4AF44D00091206 /* Assets.xcassets in Resources */,
				71E4D8AC1E4AF44D00091206 /* Main.storyboard in Resources */,
			);
			runOnlyForDeploymentPostprocessing = 0;
		};
/* End PBXResourcesBuildPhase section */

/* Begin PBXShellScriptBuildPhase section */
		A60CB628DEA6E36FDBC71907 /* [CP] Check Pods Manifest.lock */ = {
			isa = PBXShellScriptBuildPhase;
			buildActionMask = 2147483647;
			files = (
			);
			inputPaths = (
			);
			name = "[CP] Check Pods Manifest.lock";
			outputPaths = (
			);
			runOnlyForDeploymentPostprocessing = 0;
			shellPath = /bin/sh;
			shellScript = "diff \"${PODS_ROOT}/../Podfile.lock\" \"${PODS_ROOT}/Manifest.lock\" > /dev/null\nif [ $? != 0 ] ; then\n    # print error to STDERR\n    echo \"error: The sandbox is not in sync with the Podfile.lock. Run 'pod install' or update your CocoaPods installation.\" >&2\n    exit 1\nfi\n";
			showEnvVarsInLog = 0;
		};
		BE3CEFB2B332BF0CEE1B5620 /* [CP] Copy Pods Resources */ = {
			isa = PBXShellScriptBuildPhase;
			buildActionMask = 2147483647;
			files = (
			);
			inputPaths = (
			);
			name = "[CP] Copy Pods Resources";
			outputPaths = (
			);
			runOnlyForDeploymentPostprocessing = 0;
			shellPath = /bin/sh;
			shellScript = "\"${SRCROOT}/Pods/Target Support Files/Pods-TRZXWebViewCategory/Pods-TRZXWebViewCategory-resources.sh\"\n";
			showEnvVarsInLog = 0;
		};
		C8C75E7EF8BA8BB1F008D551 /* [CP] Embed Pods Frameworks */ = {
			isa = PBXShellScriptBuildPhase;
			buildActionMask = 2147483647;
			files = (
			);
			inputPaths = (
			);
			name = "[CP] Embed Pods Frameworks";
			outputPaths = (
			);
			runOnlyForDeploymentPostprocessing = 0;
			shellPath = /bin/sh;
			shellScript = "\"${SRCROOT}/Pods/Target Support Files/Pods-TRZXWebViewCategory/Pods-TRZXWebViewCategory-frameworks.sh\"\n";
			showEnvVarsInLog = 0;
		};
/* End PBXShellScriptBuildPhase section */

/* Begin PBXSourcesBuildPhase section */
		71E4D89A1E4AF44D00091206 /* Sources */ = {
			isa = PBXSourcesBuildPhase;
			buildActionMask = 2147483647;
			files = (
				71E4D8A91E4AF44D00091206 /* ViewController.m in Sources */,
				71E4D8A61E4AF44D00091206 /* AppDelegate.m in Sources */,
				71E4D8BB1E4AF4DF00091206 /* CTMediator+TRZXWebView.m in Sources */,
				71E4D8A31E4AF44D00091206 /* main.m in Sources */,
			);
			runOnlyForDeploymentPostprocessing = 0;
		};
/* End PBXSourcesBuildPhase section */

/* Begin PBXVariantGroup section */
		71E4D8AA1E4AF44D00091206 /* Main.storyboard */ = {
			isa = PBXVariantGroup;
			children = (
				71E4D8AB1E4AF44D00091206 /* Base */,
			);
			name = Main.storyboard;
			sourceTree = "<group>";
		};
		71E4D8AF1E4AF44D00091206 /* LaunchScreen.storyboard */ = {
			isa = PBXVariantGroup;
			children = (
				71E4D8B01E4AF44D00091206 /* Base */,
			);
			name = LaunchScreen.storyboard;
			sourceTree = "<group>";
		};
/* End PBXVariantGroup section */

/* Begin XCBuildConfiguration section */
		71E4D8B31E4AF44D00091206 /* Debug */ = {
			isa = XCBuildConfiguration;
			buildSettings = {
				ALWAYS_SEARCH_USER_PATHS = NO;
				CLANG_ANALYZER_NONNULL = YES;
				CLANG_CXX_LANGUAGE_STANDARD = "gnu++0x";
				CLANG_CXX_LIBRARY = "libc++";
				CLANG_ENABLE_MODULES = YES;
				CLANG_ENABLE_OBJC_ARC = YES;
				CLANG_WARN_BOOL_CONVERSION = YES;
				CLANG_WARN_CONSTANT_CONVERSION = YES;
				CLANG_WARN_DIRECT_OBJC_ISA_USAGE = YES_ERROR;
				CLANG_WARN_DOCUMENTATION_COMMENTS = YES;
				CLANG_WARN_EMPTY_BODY = YES;
				CLANG_WARN_ENUM_CONVERSION = YES;
				CLANG_WARN_INFINITE_RECURSION = YES;
				CLANG_WARN_INT_CONVERSION = YES;
				CLANG_WARN_OBJC_ROOT_CLASS = YES_ERROR;
				CLANG_WARN_SUSPICIOUS_MOVE = YES;
				CLANG_WARN_UNREACHABLE_CODE = YES;
				CLANG_WARN__DUPLICATE_METHOD_MATCH = YES;
				"CODE_SIGN_IDENTITY[sdk=iphoneos*]" = "iPhone Developer";
				COPY_PHASE_STRIP = NO;
				DEBUG_INFORMATION_FORMAT = dwarf;
				ENABLE_STRICT_OBJC_MSGSEND = YES;
				ENABLE_TESTABILITY = YES;
				GCC_C_LANGUAGE_STANDARD = gnu99;
				GCC_DYNAMIC_NO_PIC = NO;
				GCC_NO_COMMON_BLOCKS = YES;
				GCC_OPTIMIZATION_LEVEL = 0;
				GCC_PREPROCESSOR_DEFINITIONS = (
					"DEBUG=1",
					"$(inherited)",
				);
				GCC_WARN_64_TO_32_BIT_CONVERSION = YES;
				GCC_WARN_ABOUT_RETURN_TYPE = YES_ERROR;
				GCC_WARN_UNDECLARED_SELECTOR = YES;
				GCC_WARN_UNINITIALIZED_AUTOS = YES_AGGRESSIVE;
				GCC_WARN_UNUSED_FUNCTION = YES;
				GCC_WARN_UNUSED_VARIABLE = YES;
				IPHONEOS_DEPLOYMENT_TARGET = 10.2;
				MTL_ENABLE_DEBUG_INFO = YES;
				ONLY_ACTIVE_ARCH = YES;
				SDKROOT = iphoneos;
				TARGETED_DEVICE_FAMILY = "1,2";
			};
			name = Debug;
		};
		71E4D8B41E4AF44D00091206 /* Release */ = {
			isa = XCBuildConfiguration;
			buildSettings = {
				ALWAYS_SEARCH_USER_PATHS = NO;
				CLANG_ANALYZER_NONNULL = YES;
				CLANG_CXX_LANGUAGE_STANDARD = "gnu++0x";
				CLANG_CXX_LIBRARY = "libc++";
				CLANG_ENABLE_MODULES = YES;
				CLANG_ENABLE_OBJC_ARC = YES;
				CLANG_WARN_BOOL_CONVERSION = YES;
				CLANG_WARN_CONSTANT_CONVERSION = YES;
				CLANG_WARN_DIRECT_OBJC_ISA_USAGE = YES_ERROR;
				CLANG_WARN_DOCUMENTATION_COMMENTS = YES;
				CLANG_WARN_EMPTY_BODY = YES;
				CLANG_WARN_ENUM_CONVERSION = YES;
				CLANG_WARN_INFINITE_RECURSION = YES;
				CLANG_WARN_INT_CONVERSION = YES;
				CLANG_WARN_OBJC_ROOT_CLASS = YES_ERROR;
				CLANG_WARN_SUSPICIOUS_MOVE = YES;
				CLANG_WARN_UNREACHABLE_CODE = YES;
				CLANG_WARN__DUPLICATE_METHOD_MATCH = YES;
				"CODE_SIGN_IDENTITY[sdk=iphoneos*]" = "iPhone Developer";
				COPY_PHASE_STRIP = NO;
				DEBUG_INFORMATION_FORMAT = "dwarf-with-dsym";
				ENABLE_NS_ASSERTIONS = NO;
				ENABLE_STRICT_OBJC_MSGSEND = YES;
				GCC_C_LANGUAGE_STANDARD = gnu99;
				GCC_NO_COMMON_BLOCKS = YES;
				GCC_WARN_64_TO_32_BIT_CONVERSION = YES;
				GCC_WARN_ABOUT_RETURN_TYPE = YES_ERROR;
				GCC_WARN_UNDECLARED_SELECTOR = YES;
				GCC_WARN_UNINITIALIZED_AUTOS = YES_AGGRESSIVE;
				GCC_WARN_UNUSED_FUNCTION = YES;
				GCC_WARN_UNUSED_VARIABLE = YES;
				IPHONEOS_DEPLOYMENT_TARGET = 10.2;
				MTL_ENABLE_DEBUG_INFO = NO;
				SDKROOT = iphoneos;
				TARGETED_DEVICE_FAMILY = "1,2";
				VALIDATE_PRODUCT = YES;
			};
			name = Release;
		};
		71E4D8B61E4AF44D00091206 /* Debug */ = {
			isa = XCBuildConfiguration;
			baseConfigurationReference = 186083E4679E2FB2649BE386 /* Pods-TRZXWebViewCategory.debug.xcconfig */;
			buildSettings = {
				ASSETCATALOG_COMPILER_APPICON_NAME = AppIcon;
				DEVELOPMENT_TEAM = 487PQPPTGA;
				INFOPLIST_FILE = TRZXWebViewCategory/Info.plist;
				LD_RUNPATH_SEARCH_PATHS = "$(inherited) @executable_path/Frameworks";
				PRODUCT_BUNDLE_IDENTIFIER = mmwipo.com.TRZXWebViewCategory;
				PRODUCT_NAME = "$(TARGET_NAME)";
			};
			name = Debug;
		};
		71E4D8B71E4AF44D00091206 /* Release */ = {
			isa = XCBuildConfiguration;
			baseConfigurationReference = EE528D8A992DAC40F94EC3DC /* Pods-TRZXWebViewCategory.release.xcconfig */;
			buildSettings = {
				ASSETCATALOG_COMPILER_APPICON_NAME = AppIcon;
				DEVELOPMENT_TEAM = 487PQPPTGA;
				INFOPLIST_FILE = TRZXWebViewCategory/Info.plist;
				LD_RUNPATH_SEARCH_PATHS = "$(inherited) @executable_path/Frameworks";
				PRODUCT_BUNDLE_IDENTIFIER = mmwipo.com.TRZXWebViewCategory;
				PRODUCT_NAME = "$(TARGET_NAME)";
			};
			name = Release;
		};
/* End XCBuildConfiguration section */

/* Begin XCConfigurationList section */
		71E4D8991E4AF44D00091206 /* Build configuration list for PBXProject "TRZXWebViewCategory" */ = {
			isa = XCConfigurationList;
			buildConfigurations = (
				71E4D8B31E4AF44D00091206 /* Debug */,
				71E4D8B41E4AF44D00091206 /* Release */,
			);
			defaultConfigurationIsVisible = 0;
			defaultConfigurationName = Release;
		};
		71E4D8B51E4AF44D00091206 /* Build configuration list for PBXNativeTarget "TRZXWebViewCategory" */ = {
			isa = XCConfigurationList;
			buildConfigurations = (
				71E4D8B61E4AF44D00091206 /* Debug */,
				71E4D8B71E4AF44D00091206 /* Release */,
			);
			defaultConfigurationIsVisible = 0;
		};
/* End XCConfigurationList section */
	};
	rootObject = 71E4D8961E4AF44D00091206 /* Project object */;
}
